// !$*UTF8*$!
{
	archiveVersion = 1;
	classes = {
	};
	objectVersion = 55;
	objects = {

/* Begin PBXBuildFile section */
		7B0952EE2852EEAA00A343BA /* AppDelegate.swift in Sources */ = {isa = PBXBuildFile; fileRef = 7B0952ED2852EEAA00A343BA /* AppDelegate.swift */; };
		7B0952F02852EEAA00A343BA /* SceneDelegate.swift in Sources */ = {isa = PBXBuildFile; fileRef = 7B0952EF2852EEAA00A343BA /* SceneDelegate.swift */; };
		7B0952F22852EEAA00A343BA /* ViewController.swift in Sources */ = {isa = PBXBuildFile; fileRef = 7B0952F12852EEAA00A343BA /* ViewController.swift */; };
		7B0952F52852EEAA00A343BA /* Main.storyboard in Resources */ = {isa = PBXBuildFile; fileRef = 7B0952F32852EEAA00A343BA /* Main.storyboard */; };
		7B0952F72852EEAD00A343BA /* Assets.xcassets in Resources */ = {isa = PBXBuildFile; fileRef = 7B0952F62852EEAD00A343BA /* Assets.xcassets */; };
		7B0952FA2852EEAD00A343BA /* LaunchScreen.storyboard in Resources */ = {isa = PBXBuildFile; fileRef = 7B0952F82852EEAD00A343BA /* LaunchScreen.storyboard */; };
		7B0C272128598FB100F0DCB5 /* MapViewController.swift in Sources */ = {isa = PBXBuildFile; fileRef = 7B0C272028598FB100F0DCB5 /* MapViewController.swift */; };
		7B9AD5E028531ECC003BCE9A /* Gourmet.swift in Sources */ = {isa = PBXBuildFile; fileRef = 7B9AD5DF28531ECC003BCE9A /* Gourmet.swift */; };
		7B9AD5E328533EC3003BCE9A /* tableware.png in Resources */ = {isa = PBXBuildFile; fileRef = 7B9AD5E228533EC3003BCE9A /* tableware.png */; };
		7B9AD5E528534BA0003BCE9A /* ShopDetailViewController.swift in Sources */ = {isa = PBXBuildFile; fileRef = 7B9AD5E428534BA0003BCE9A /* ShopDetailViewController.swift */; };
		7B9AD5EE2856D54B003BCE9A /* GetApiMangagerDelegate.swift in Sources */ = {isa = PBXBuildFile; fileRef = 7B9AD5ED2856D54B003BCE9A /* GetApiMangagerDelegate.swift */; };
		7B9AD5F02856D5B1003BCE9A /* GetApiManager.swift in Sources */ = {isa = PBXBuildFile; fileRef = 7B9AD5EF2856D5B1003BCE9A /* GetApiManager.swift */; };
		7B9AD5F42856F2BB003BCE9A /* map.png in Resources */ = {isa = PBXBuildFile; fileRef = 7B9AD5F12856F2BB003BCE9A /* map.png */; };
		7B9AD5F62856F2BB003BCE9A /* domeCover.png in Resources */ = {isa = PBXBuildFile; fileRef = 7B9AD5F32856F2BB003BCE9A /* domeCover.png */; };
		7B9AD5F82856F682003BCE9A /* clock_1200.png in Resources */ = {isa = PBXBuildFile; fileRef = 7B9AD5F72856F682003BCE9A /* clock_1200.png */; };
		7B9AD5FA2856F75F003BCE9A /* train.png in Resources */ = {isa = PBXBuildFile; fileRef = 7B9AD5F92856F75E003BCE9A /* train.png */; };
		7BD2016C2858BBF400A04259 /* ShopListTableViewCell.swift in Sources */ = {isa = PBXBuildFile; fileRef = 7BD2016A2858BBF400A04259 /* ShopListTableViewCell.swift */; };
		7BD2016D2858BBF400A04259 /* ShopListTableViewCell.xib in Resources */ = {isa = PBXBuildFile; fileRef = 7BD2016B2858BBF400A04259 /* ShopListTableViewCell.xib */; };
/* End PBXBuildFile section */

/* Begin PBXFileReference section */
		7B0952EA2852EEAA00A343BA /* GourmetSearch.app */ = {isa = PBXFileReference; explicitFileType = wrapper.application; includeInIndex = 0; path = GourmetSearch.app; sourceTree = BUILT_PRODUCTS_DIR; };
		7B0952ED2852EEAA00A343BA /* AppDelegate.swift */ = {isa = PBXFileReference; lastKnownFileType = sourcecode.swift; path = AppDelegate.swift; sourceTree = "<group>"; };
		7B0952EF2852EEAA00A343BA /* SceneDelegate.swift */ = {isa = PBXFileReference; lastKnownFileType = sourcecode.swift; path = SceneDelegate.swift; sourceTree = "<group>"; };
		7B0952F12852EEAA00A343BA /* ViewController.swift */ = {isa = PBXFileReference; lastKnownFileType = sourcecode.swift; path = ViewController.swift; sourceTree = "<group>"; };
		7B0952F42852EEAA00A343BA /* Base */ = {isa = PBXFileReference; lastKnownFileType = file.storyboard; name = Base; path = Base.lproj/Main.storyboard; sourceTree = "<group>"; };
		7B0952F62852EEAD00A343BA /* Assets.xcassets */ = {isa = PBXFileReference; lastKnownFileType = folder.assetcatalog; path = Assets.xcassets; sourceTree = "<group>"; };
		7B0952F92852EEAD00A343BA /* Base */ = {isa = PBXFileReference; lastKnownFileType = file.storyboard; name = Base; path = Base.lproj/LaunchScreen.storyboard; sourceTree = "<group>"; };
		7B0952FB2852EEAE00A343BA /* Info.plist */ = {isa = PBXFileReference; lastKnownFileType = text.plist.xml; path = Info.plist; sourceTree = "<group>"; };
		7B0C272028598FB100F0DCB5 /* MapViewController.swift */ = {isa = PBXFileReference; lastKnownFileType = sourcecode.swift; path = MapViewController.swift; sourceTree = "<group>"; };
		7B9AD5DF28531ECC003BCE9A /* Gourmet.swift */ = {isa = PBXFileReference; lastKnownFileType = sourcecode.swift; path = Gourmet.swift; sourceTree = "<group>"; };
		7B9AD5E228533EC3003BCE9A /* tableware.png */ = {isa = PBXFileReference; lastKnownFileType = image.png; path = tableware.png; sourceTree = "<group>"; };
		7B9AD5E428534BA0003BCE9A /* ShopDetailViewController.swift */ = {isa = PBXFileReference; lastKnownFileType = sourcecode.swift; path = ShopDetailViewController.swift; sourceTree = "<group>"; };
		7B9AD5ED2856D54B003BCE9A /* GetApiMangagerDelegate.swift */ = {isa = PBXFileReference; lastKnownFileType = sourcecode.swift; path = GetApiMangagerDelegate.swift; sourceTree = "<group>"; };
		7B9AD5EF2856D5B1003BCE9A /* GetApiManager.swift */ = {isa = PBXFileReference; lastKnownFileType = sourcecode.swift; path = GetApiManager.swift; sourceTree = "<group>"; };
		7B9AD5F12856F2BB003BCE9A /* map.png */ = {isa = PBXFileReference; lastKnownFileType = image.png; path = map.png; sourceTree = "<group>"; };
		7B9AD5F32856F2BB003BCE9A /* domeCover.png */ = {isa = PBXFileReference; lastKnownFileType = image.png; path = domeCover.png; sourceTree = "<group>"; };
		7B9AD5F72856F682003BCE9A /* clock_1200.png */ = {isa = PBXFileReference; lastKnownFileType = image.png; path = clock_1200.png; sourceTree = "<group>"; };
		7B9AD5F92856F75E003BCE9A /* train.png */ = {isa = PBXFileReference; lastKnownFileType = image.png; path = train.png; sourceTree = "<group>"; };
		7BD2016A2858BBF400A04259 /* ShopListTableViewCell.swift */ = {isa = PBXFileReference; lastKnownFileType = sourcecode.swift; path = ShopListTableViewCell.swift; sourceTree = "<group>"; };
		7BD2016B2858BBF400A04259 /* ShopListTableViewCell.xib */ = {isa = PBXFileReference; lastKnownFileType = file.xib; path = ShopListTableViewCell.xib; sourceTree = "<group>"; };
/* End PBXFileReference section */

/* Begin PBXFrameworksBuildPhase section */
		7B0952E72852EEAA00A343BA /* Frameworks */ = {
			isa = PBXFrameworksBuildPhase;
			buildActionMask = 2147483647;
			files = (
			);
			runOnlyForDeploymentPostprocessing = 0;
		};
/* End PBXFrameworksBuildPhase section */

/* Begin PBXGroup section */
		7B0952E12852EEAA00A343BA = {
			isa = PBXGroup;
			children = (
				7B0952EC2852EEAA00A343BA /* GourmetSearch */,
				7B0952EB2852EEAA00A343BA /* Products */,
			);
			sourceTree = "<group>";
		};
		7B0952EB2852EEAA00A343BA /* Products */ = {
			isa = PBXGroup;
			children = (
				7B0952EA2852EEAA00A343BA /* GourmetSearch.app */,
			);
			name = Products;
			sourceTree = "<group>";
		};
		7B0952EC2852EEAA00A343BA /* GourmetSearch */ = {
			isa = PBXGroup;
			children = (
				7BC2B774285AC7890000980E /* View */,
				7BC2B773285AC76E0000980E /* ViewController */,
				7B9AD5EC2856D4E8003BCE9A /* Delegates */,
				7B9AD5E92856D32F003BCE9A /* ApiManager */,
				7B9AD5E128533DBA003BCE9A /* images */,
				7B9AD5DE28531EAA003BCE9A /* Models */,
				7B0952ED2852EEAA00A343BA /* AppDelegate.swift */,
				7B0952EF2852EEAA00A343BA /* SceneDelegate.swift */,
				7B0952F62852EEAD00A343BA /* Assets.xcassets */,
				7B0952FB2852EEAE00A343BA /* Info.plist */,
			);
			path = GourmetSearch;
			sourceTree = "<group>";
		};
		7B9AD5DE28531EAA003BCE9A /* Models */ = {
			isa = PBXGroup;
			children = (
				7B9AD5DF28531ECC003BCE9A /* Gourmet.swift */,
			);
			path = Models;
			sourceTree = "<group>";
		};
		7B9AD5E128533DBA003BCE9A /* images */ = {
			isa = PBXGroup;
			children = (
				7B9AD5F72856F682003BCE9A /* clock_1200.png */,
				7B9AD5F92856F75E003BCE9A /* train.png */,
				7B9AD5F32856F2BB003BCE9A /* domeCover.png */,
				7B9AD5F12856F2BB003BCE9A /* map.png */,
				7B9AD5E228533EC3003BCE9A /* tableware.png */,
			);
			path = images;
			sourceTree = "<group>";
		};
		7B9AD5E92856D32F003BCE9A /* ApiManager */ = {
			isa = PBXGroup;
			children = (
				7B9AD5EF2856D5B1003BCE9A /* GetApiManager.swift */,
			);
			path = ApiManager;
			sourceTree = "<group>";
		};
		7B9AD5EC2856D4E8003BCE9A /* Delegates */ = {
			isa = PBXGroup;
			children = (
				7B9AD5ED2856D54B003BCE9A /* GetApiMangagerDelegate.swift */,
			);
			path = Delegates;
			sourceTree = "<group>";
		};
		7BC2B773285AC76E0000980E /* ViewController */ = {
			isa = PBXGroup;
			children = (
				7B0952F12852EEAA00A343BA /* ViewController.swift */,
				7B9AD5E428534BA0003BCE9A /* ShopDetailViewController.swift */,
				7B0C272028598FB100F0DCB5 /* MapViewController.swift */,
			);
			path = ViewController;
			sourceTree = "<group>";
		};
		7BC2B774285AC7890000980E /* View */ = {
			isa = PBXGroup;
			children = (
				7B0952F82852EEAD00A343BA /* LaunchScreen.storyboard */,
				7B0952F32852EEAA00A343BA /* Main.storyboard */,
				7BD2016A2858BBF400A04259 /* ShopListTableViewCell.swift */,
				7BD2016B2858BBF400A04259 /* ShopListTableViewCell.xib */,
			);
			path = View;
			sourceTree = "<group>";
		};
/* End PBXGroup section */

/* Begin PBXNativeTarget section */
		7B0952E92852EEAA00A343BA /* GourmetSearch */ = {
			isa = PBXNativeTarget;
			buildConfigurationList = 7B0952FE2852EEAE00A343BA /* Build configuration list for PBXNativeTarget "GourmetSearch" */;
			buildPhases = (
				7B0952E62852EEAA00A343BA /* Sources */,
				7B0952E72852EEAA00A343BA /* Frameworks */,
				7B0952E82852EEAA00A343BA /* Resources */,
			);
			buildRules = (
			);
			dependencies = (
			);
			name = GourmetSearch;
			productName = GourmetSearch;
			productReference = 7B0952EA2852EEAA00A343BA /* GourmetSearch.app */;
			productType = "com.apple.product-type.application";
		};
/* End PBXNativeTarget section */

/* Begin PBXProject section */
		7B0952E22852EEAA00A343BA /* Project object */ = {
			isa = PBXProject;
			attributes = {
				BuildIndependentTargetsInParallel = 1;
				LastSwiftUpdateCheck = 1340;
				LastUpgradeCheck = 1340;
				TargetAttributes = {
					7B0952E92852EEAA00A343BA = {
						CreatedOnToolsVersion = 13.4.1;
					};
				};
			};
			buildConfigurationList = 7B0952E52852EEAA00A343BA /* Build configuration list for PBXProject "GourmetSearch" */;
			compatibilityVersion = "Xcode 13.0";
			developmentRegion = en;
			hasScannedForEncodings = 0;
			knownRegions = (
				en,
				Base,
			);
			mainGroup = 7B0952E12852EEAA00A343BA;
			productRefGroup = 7B0952EB2852EEAA00A343BA /* Products */;
			projectDirPath = "";
			projectRoot = "";
			targets = (
				7B0952E92852EEAA00A343BA /* GourmetSearch */,
			);
		};
/* End PBXProject section */

/* Begin PBXResourcesBuildPhase section */
		7B0952E82852EEAA00A343BA /* Resources */ = {
			isa = PBXResourcesBuildPhase;
			buildActionMask = 2147483647;
			files = (
				7B0952FA2852EEAD00A343BA /* LaunchScreen.storyboard in Resources */,
				7B0952F72852EEAD00A343BA /* Assets.xcassets in Resources */,
				7B9AD5FA2856F75F003BCE9A /* train.png in Resources */,
				7B9AD5F62856F2BB003BCE9A /* domeCover.png in Resources */,
				7B0952F52852EEAA00A343BA /* Main.storyboard in Resources */,
				7B9AD5E328533EC3003BCE9A /* tableware.png in Resources */,
				7B9AD5F42856F2BB003BCE9A /* map.png in Resources */,
				7B9AD5F82856F682003BCE9A /* clock_1200.png in Resources */,
				7BD2016D2858BBF400A04259 /* ShopListTableViewCell.xib in Resources */,
			);
			runOnlyForDeploymentPostprocessing = 0;
		};
/* End PBXResourcesBuildPhase section */

/* Begin PBXSourcesBuildPhase section */
		7B0952E62852EEAA00A343BA /* Sources */ = {
			isa = PBXSourcesBuildPhase;
			buildActionMask = 2147483647;
			files = (
				7B9AD5F02856D5B1003BCE9A /* GetApiManager.swift in Sources */,
				7B9AD5EE2856D54B003BCE9A /* GetApiMangagerDelegate.swift in Sources */,
				7B0952F22852EEAA00A343BA /* ViewController.swift in Sources */,
				7B0952EE2852EEAA00A343BA /* AppDelegate.swift in Sources */,
				7B0C272128598FB100F0DCB5 /* MapViewController.swift in Sources */,
				7B0952F02852EEAA00A343BA /* SceneDelegate.swift in Sources */,
				7B9AD5E528534BA0003BCE9A /* ShopDetailViewController.swift in Sources */,
				7B9AD5E028531ECC003BCE9A /* Gourmet.swift in Sources */,
				7BD2016C2858BBF400A04259 /* ShopListTableViewCell.swift in Sources */,
			);
			runOnlyForDeploymentPostprocessing = 0;
		};
/* End PBXSourcesBuildPhase section */

/* Begin PBXVariantGroup section */
		7B0952F32852EEAA00A343BA /* Main.storyboard */ = {
			isa = PBXVariantGroup;
			children = (
				7B0952F42852EEAA00A343BA /* Base */,
			);
			name = Main.storyboard;
			sourceTree = "<group>";
		};
		7B0952F82852EEAD00A343BA /* LaunchScreen.storyboard */ = {
			isa = PBXVariantGroup;
			children = (
				7B0952F92852EEAD00A343BA /* Base */,
			);
			name = LaunchScreen.storyboard;
			sourceTree = "<group>";
		};
/* End PBXVariantGroup section */

/* Begin XCBuildConfiguration section */
		7B0952FC2852EEAE00A343BA /* Debug */ = {
			isa = XCBuildConfiguration;
			buildSettings = {
				ALWAYS_SEARCH_USER_PATHS = NO;
				CLANG_ANALYZER_NONNULL = YES;
				CLANG_ANALYZER_NUMBER_OBJECT_CONVERSION = YES_AGGRESSIVE;
				CLANG_CXX_LANGUAGE_STANDARD = "gnu++17";
				CLANG_ENABLE_MODULES = YES;
				CLANG_ENABLE_OBJC_ARC = YES;
				CLANG_ENABLE_OBJC_WEAK = YES;
				CLANG_WARN_BLOCK_CAPTURE_AUTORELEASING = YES;
				CLANG_WARN_BOOL_CONVERSION = YES;
				CLANG_WARN_COMMA = YES;
				CLANG_WARN_CONSTANT_CONVERSION = YES;
				CLANG_WARN_DEPRECATED_OBJC_IMPLEMENTATIONS = YES;
				CLANG_WARN_DIRECT_OBJC_ISA_USAGE = YES_ERROR;
				CLANG_WARN_DOCUMENTATION_COMMENTS = YES;
				CLANG_WARN_EMPTY_BODY = YES;
				CLANG_WARN_ENUM_CONVERSION = YES;
				CLANG_WARN_INFINITE_RECURSION = YES;
				CLANG_WARN_INT_CONVERSION = YES;
				CLANG_WARN_NON_LITERAL_NULL_CONVERSION = YES;
				CLANG_WARN_OBJC_IMPLICIT_RETAIN_SELF = YES;
				CLANG_WARN_OBJC_LITERAL_CONVERSION = YES;
				CLANG_WARN_OBJC_ROOT_CLASS = YES_ERROR;
				CLANG_WARN_QUOTED_INCLUDE_IN_FRAMEWORK_HEADER = YES;
				CLANG_WARN_RANGE_LOOP_ANALYSIS = YES;
				CLANG_WARN_STRICT_PROTOTYPES = YES;
				CLANG_WARN_SUSPICIOUS_MOVE = YES;
				CLANG_WARN_UNGUARDED_AVAILABILITY = YES_AGGRESSIVE;
				CLANG_WARN_UNREACHABLE_CODE = YES;
				CLANG_WARN__DUPLICATE_METHOD_MATCH = YES;
				COPY_PHASE_STRIP = NO;
				DEBUG_INFORMATION_FORMAT = dwarf;
				ENABLE_STRICT_OBJC_MSGSEND = YES;
				ENABLE_TESTABILITY = YES;
				GCC_C_LANGUAGE_STANDARD = gnu11;
				GCC_DYNAMIC_NO_PIC = NO;
				GCC_NO_COMMON_BLOCKS = YES;
				GCC_OPTIMIZATION_LEVEL = 0;
				GCC_PREPROCESSOR_DEFINITIONS = (
					"DEBUG=1",
					"$(inherited)",
				);
				GCC_WARN_64_TO_32_BIT_CONVERSION = YES;
				GCC_WARN_ABOUT_RETURN_TYPE = YES_ERROR;
				GCC_WARN_UNDECLARED_SELECTOR = YES;
				GCC_WARN_UNINITIALIZED_AUTOS = YES_AGGRESSIVE;
				GCC_WARN_UNUSED_FUNCTION = YES;
				GCC_WARN_UNUSED_VARIABLE = YES;
				IPHONEOS_DEPLOYMENT_TARGET = 14.0;
				MTL_ENABLE_DEBUG_INFO = INCLUDE_SOURCE;
				MTL_FAST_MATH = YES;
				ONLY_ACTIVE_ARCH = YES;
				SDKROOT = iphoneos;
				SWIFT_ACTIVE_COMPILATION_CONDITIONS = DEBUG;
				SWIFT_OPTIMIZATION_LEVEL = "-Onone";
			};
			name = Debug;
		};
		7B0952FD2852EEAE00A343BA /* Release */ = {
			isa = XCBuildConfiguration;
			buildSettings = {
				ALWAYS_SEARCH_USER_PATHS = NO;
				CLANG_ANALYZER_NONNULL = YES;
				CLANG_ANALYZER_NUMBER_OBJECT_CONVERSION = YES_AGGRESSIVE;
				CLANG_CXX_LANGUAGE_STANDARD = "gnu++17";
				CLANG_ENABLE_MODULES = YES;
				CLANG_ENABLE_OBJC_ARC = YES;
				CLANG_ENABLE_OBJC_WEAK = YES;
				CLANG_WARN_BLOCK_CAPTURE_AUTORELEASING = YES;
				CLANG_WARN_BOOL_CONVERSION = YES;
				CLANG_WARN_COMMA = YES;
				CLANG_WARN_CONSTANT_CONVERSION = YES;
				CLANG_WARN_DEPRECATED_OBJC_IMPLEMENTATIONS = YES;
				CLANG_WARN_DIRECT_OBJC_ISA_USAGE = YES_ERROR;
				CLANG_WARN_DOCUMENTATION_COMMENTS = YES;
				CLANG_WARN_EMPTY_BODY = YES;
				CLANG_WARN_ENUM_CONVERSION = YES;
				CLANG_WARN_INFINITE_RECURSION = YES;
				CLANG_WARN_INT_CONVERSION = YES;
				CLANG_WARN_NON_LITERAL_NULL_CONVERSION = YES;
				CLANG_WARN_OBJC_IMPLICIT_RETAIN_SELF = YES;
				CLANG_WARN_OBJC_LITERAL_CONVERSION = YES;
				CLANG_WARN_OBJC_ROOT_CLASS = YES_ERROR;
				CLANG_WARN_QUOTED_INCLUDE_IN_FRAMEWORK_HEADER = YES;
				CLANG_WARN_RANGE_LOOP_ANALYSIS = YES;
				CLANG_WARN_STRICT_PROTOTYPES = YES;
				CLANG_WARN_SUSPICIOUS_MOVE = YES;
				CLANG_WARN_UNGUARDED_AVAILABILITY = YES_AGGRESSIVE;
				CLANG_WARN_UNREACHABLE_CODE = YES;
				CLANG_WARN__DUPLICATE_METHOD_MATCH = YES;
				COPY_PHASE_STRIP = NO;
				DEBUG_INFORMATION_FORMAT = "dwarf-with-dsym";
				ENABLE_NS_ASSERTIONS = NO;
				ENABLE_STRICT_OBJC_MSGSEND = YES;
				GCC_C_LANGUAGE_STANDARD = gnu11;
				GCC_NO_COMMON_BLOCKS = YES;
				GCC_WARN_64_TO_32_BIT_CONVERSION = YES;
				GCC_WARN_ABOUT_RETURN_TYPE = YES_ERROR;
				GCC_WARN_UNDECLARED_SELECTOR = YES;
				GCC_WARN_UNINITIALIZED_AUTOS = YES_AGGRESSIVE;
				GCC_WARN_UNUSED_FUNCTION = YES;
				GCC_WARN_UNUSED_VARIABLE = YES;
				IPHONEOS_DEPLOYMENT_TARGET = 14.0;
				MTL_ENABLE_DEBUG_INFO = NO;
				MTL_FAST_MATH = YES;
				SDKROOT = iphoneos;
				SWIFT_COMPILATION_MODE = wholemodule;
				SWIFT_OPTIMIZATION_LEVEL = "-O";
				VALIDATE_PRODUCT = YES;
			};
			name = Release;
		};
		7B0952FF2852EEAE00A343BA /* Debug */ = {
			isa = XCBuildConfiguration;
			buildSettings = {
				ASSETCATALOG_COMPILER_APPICON_NAME = AppIcon;
				ASSETCATALOG_COMPILER_GLOBAL_ACCENT_COLOR_NAME = AccentColor;
				CODE_SIGN_STYLE = Automatic;
				CURRENT_PROJECT_VERSION = 1;
				DEVELOPMENT_TEAM = H99ZMXT46L;
				GENERATE_INFOPLIST_FILE = YES;
				INFOPLIST_FILE = GourmetSearch/Info.plist;
				INFOPLIST_KEY_UIApplicationSupportsIndirectInputEvents = YES;
				INFOPLIST_KEY_UILaunchStoryboardName = LaunchScreen;
				INFOPLIST_KEY_UIMainStoryboardFile = Main;
				INFOPLIST_KEY_UISupportedInterfaceOrientations_iPad = "UIInterfaceOrientationPortrait UIInterfaceOrientationPortraitUpsideDown UIInterfaceOrientationLandscapeLeft UIInterfaceOrientationLandscapeRight";
				INFOPLIST_KEY_UISupportedInterfaceOrientations_iPhone = "UIInterfaceOrientationPortrait UIInterfaceOrientationLandscapeLeft UIInterfaceOrientationLandscapeRight";
				IPHONEOS_DEPLOYMENT_TARGET = 14.0;
				LD_RUNPATH_SEARCH_PATHS = (
					"$(inherited)",
					"@executable_path/Frameworks",
				);
				MARKETING_VERSION = 1.0;
				PRODUCT_BUNDLE_IDENTIFIER = com.mory.GourmetSearch;
				PRODUCT_NAME = "$(TARGET_NAME)";
				SWIFT_EMIT_LOC_STRINGS = YES;
				SWIFT_VERSION = 5.0;
				TARGETED_DEVICE_FAMILY = "1,2";
			};
			name = Debug;
		};
		7B0953002852EEAE00A343BA /* Release */ = {
			isa = XCBuildConfiguration;
			buildSettings = {
				ASSETCATALOG_COMPILER_APPICON_NAME = AppIcon;
				ASSETCATALOG_COMPILER_GLOBAL_ACCENT_COLOR_NAME = AccentColor;
				CODE_SIGN_STYLE = Automatic;
				CURRENT_PROJECT_VERSION = 1;
				DEVELOPMENT_TEAM = H99ZMXT46L;
				GENERATE_INFOPLIST_FILE = YES;
				INFOPLIST_FILE = GourmetSearch/Info.plist;
				INFOPLIST_KEY_UIApplicationSupportsIndirectInputEvents = YES;
				INFOPLIST_KEY_UILaunchStoryboardName = LaunchScreen;
				INFOPLIST_KEY_UIMainStoryboardFile = Main;
				INFOPLIST_KEY_UISupportedInterfaceOrientations_iPad = "UIInterfaceOrientationPortrait UIInterfaceOrientationPortraitUpsideDown UIInterfaceOrientationLandscapeLeft UIInterfaceOrientationLandscapeRight";
				INFOPLIST_KEY_UISupportedInterfaceOrientations_iPhone = "UIInterfaceOrientationPortrait UIInterfaceOrientationLandscapeLeft UIInterfaceOrientationLandscapeRight";
				IPHONEOS_DEPLOYMENT_TARGET = 14.0;
				LD_RUNPATH_SEARCH_PATHS = (
					"$(inherited)",
					"@executable_path/Frameworks",
				);
				MARKETING_VERSION = 1.0;
				PRODUCT_BUNDLE_IDENTIFIER = com.mory.GourmetSearch;
				PRODUCT_NAME = "$(TARGET_NAME)";
				SWIFT_EMIT_LOC_STRINGS = YES;
				SWIFT_VERSION = 5.0;
				TARGETED_DEVICE_FAMILY = "1,2";
			};
			name = Release;
		};
/* End XCBuildConfiguration section */

/* Begin XCConfigurationList section */
		7B0952E52852EEAA00A343BA /* Build configuration list for PBXProject "GourmetSearch" */ = {
			isa = XCConfigurationList;
			buildConfigurations = (
				7B0952FC2852EEAE00A343BA /* Debug */,
				7B0952FD2852EEAE00A343BA /* Release */,
			);
			defaultConfigurationIsVisible = 0;
			defaultConfigurationName = Release;
		};
		7B0952FE2852EEAE00A343BA /* Build configuration list for PBXNativeTarget "GourmetSearch" */ = {
			isa = XCConfigurationList;
			buildConfigurations = (
				7B0952FF2852EEAE00A343BA /* Debug */,
				7B0953002852EEAE00A343BA /* Release */,
			);
			defaultConfigurationIsVisible = 0;
			defaultConfigurationName = Release;
		};
/* End XCConfigurationList section */
	};
	rootObject = 7B0952E22852EEAA00A343BA /* Project object */;
}
